{
  "R": {
    "Version": "4.4.1",
    "Repositories": [
      {
        "Name": "CRAN",
        "URL": "https://packagemanager.posit.co/cran/latest"
      }
    ]
  },
  "Packages": {
    "renv": {
      "Package": "renv",
      "Version": "1.1.8",
      "Source": "Repository",
      "Type": "Package",
      "Title": "Project Environments",
      "Authors@R": "c( person(\"Kevin\", \"Ushey\", role = c(\"aut\", \"cre\"), email = \"kevin@rstudio.com\", comment = c(ORCID = \"0000-0003-2880-7407\")), person(\"Hadley\", \"Wickham\", role = c(\"aut\"), email = \"hadley@rstudio.com\", comment = c(ORCID = \"0000-0003-4757-117X\")), person(\"Posit Software, PBC\", role = c(\"cph\", \"fnd\")) )",
      "Description": "A dependency management toolkit for R. Using 'renv', you can create and manage project-local R libraries, save the state of these libraries to a 'lockfile', and later restore your library as required. Together, these tools can help make your projects more isolated, portable, and reproducible.",
      "License": "MIT + file LICENSE",
      "URL": "https://rstudio.github.io/renv/, https://github.com/rstudio/renv",
      "BugReports": "https://github.com/rstudio/renv/issues",
      "Imports": [
        "utils"
      ],
      "Suggests": [
        "BiocManager",
        "cli",
        "compiler",
        "covr",
        "cpp11",
        "curl",
        "devtools",
        "generics",
        "gitcreds",
        "jsonlite",
        "jsonvalidate",
        "knitr",
        "miniUI",
        "modules",
        "packrat",
        "pak",
        "R6",
        "remotes",
        "reticulate",
        "rmarkdown",
        "rstudioapi",
        "shiny",
        "testthat",
        "uuid",
        "waldo",
        "yaml",
        "webfakes"
      ],
      "Encoding": "UTF-8",
      "RoxygenNote": "7.3.3",
      "VignetteBuilder": "knitr",
      "NeedsCompilation": "yes",
      "Config/Needs/website": "tidyverse/tidytemplate",
      "Config/testthat/edition": "3",
      "Config/testthat/parallel": "true",
      "Config/testthat/start-first": "bioconductor,python,install,restore,snapshot,retrieve,remotes",
      "Author": "Kevin Ushey [aut, cre] (ORCID: <https://orcid.org/0000-0003-2880-7407>), Hadley Wickham [aut] (ORCID: <https://orcid.org/0000-0003-4757-117X>), Posit Software, PBC [cph, fnd]",
      "Maintainer": "Kevin Ushey <kevin@rstudio.com>",
      "Repository": "CRAN"
    },
    "tinytex": {
      "Package": "tinytex",
      "Version": "0.60",
      "Source": "Repository",
      "Type": "Package",
      "Title": "Helper Functions to Install and Maintain TeX Live, and Compile LaTeX Documents",
      "Authors@R": "c( person(\"Yihui\", \"Xie\", role = c(\"aut\", \"cre\", \"cph\"), email = \"xie@yihui.name\", comment = c(ORCID = \"0000-0003-0645-5666\")), person(given = \"Posit Software, PBC\", role = c(\"cph\", \"fnd\")), person(\"Christophe\", \"Dervieux\", role = \"ctb\", comment = c(ORCID = \"0000-0003-4474-2498\")), person(\"Devon\", \"Ryan\", role = \"ctb\", email = \"dpryan79@gmail.com\", comment = c(ORCID = \"0000-0002-8549-0971\")), person(\"Ethan\", \"Heinzen\", role = \"ctb\"), person(\"Fernando\", \"Cagua\", role = \"ctb\"), person() )",
      "Description": "Helper functions to install and maintain the 'LaTeX' distribution named 'TinyTeX' (<https://yihui.org/tinytex/>), a lightweight, cross-platform, portable, and easy-to-maintain version of 'TeX Live'. This package also contains helper functions to compile 'LaTeX' documents, and install missing 'LaTeX' packages automatically.",
      "Imports": [
        "xfun (>= 0.48)"
      ],
      "Suggests": [
        "testit",
        "rstudioapi"
      ],
      "License": "MIT + file LICENSE",
      "URL": "https://github.com/rstudio/tinytex",
      "BugReports": "https://github.com/rstudio/tinytex/issues",
      "Encoding": "UTF-8",
      "RoxygenNote": "7.3.3",
      "NeedsCompilation": "no",
      "Author": "Yihui Xie [aut, cre, cph] (ORCID: <https://orcid.org/0000-0003-0645-5666>), Posit Software, PBC [cph, fnd], Christophe Dervieux [ctb] (ORCID: <https://orcid.org/0000-0003-4474-2498>), Devon Ryan [ctb] (ORCID: <https://orcid.org/0000-0002-8549-0971>), Ethan Heinzen [ctb], Fernando Cagua [ctb]",
      "Maintainer": "Yihui Xie <xie@yihui.name>",
      "Repository": "CRAN"
    },
    "xfun": {
      "Package": "xfun",
      "Version": "0.59",
      "Source": "Repository",
      "Type": "Package",
      "Title": "Supporting Functions for Packages Maintained by 'Yihui Xie'",
      "Authors@R": "c( person(\"Yihui\", \"Xie\", role = c(\"aut\", \"cre\", \"cph\"), email = \"xie@yihui.name\", comment = c(ORCID = \"0000-0003-0645-5666\", URL = \"https://yihui.org\")), person(\"Wush\", \"Wu\", role = \"ctb\"), person(\"Daijiang\", \"Li\", role = \"ctb\"), person(\"Xianying\", \"Tan\", role = \"ctb\"), person(\"Salim\", \"Brüggemann\", role = \"ctb\", email = \"salim-b@pm.me\", comment = c(ORCID = \"0000-0002-5329-5987\")), person(\"Christophe\", \"Dervieux\", role = \"ctb\"), person() )",
      "Description": "Miscellaneous functions commonly used in other packages maintained by 'Yihui Xie'.",
      "Depends": [
        "R (>= 3.2.0)"
      ],
      "Imports": [
        "grDevices",
        "stats",
        "tools"
      ],
      "Suggests": [
        "testit",
        "parallel",
        "codetools",
        "methods",
        "rstudioapi",
        "tinytex (>= 0.30)",
        "mime",
        "litedown (>= 0.6)",
        "commonmark",
        "knitr (>= 1.50)",
        "remotes",
        "pak",
        "curl",
        "xml2",
        "jsonlite",
        "magick",
        "yaml",
        "data.table",
        "qs2"
      ],
      "License": "MIT + file LICENSE",
      "URL": "https://github.com/yihui/xfun",
      "BugReports": "https://github.com/yihui/xfun/issues",
      "Encoding": "UTF-8",
      "VignetteBuilder": "litedown",
      "Config/roxygen2/version": "8.0.0",
      "NeedsCompilation": "yes",
      "Author": "Yihui Xie [aut, cre, cph] (ORCID: <https://orcid.org/0000-0003-0645-5666>, URL: https://yihui.org), Wush Wu [ctb], Daijiang Li [ctb], Xianying Tan [ctb], Salim Brüggemann [ctb] (ORCID: <https://orcid.org/0000-0002-5329-5987>), Christophe Dervieux [ctb]",
      "Maintainer": "Yihui Xie <xie@yihui.name>",
      "Repository": "CRAN"
    }
  }
}
